
Microsoft Visual Studio Solution File, Format Version 12.00
# Visual Studio 2013
VisualStudioVersion = 12.0.40629.0
MinimumVisualStudioVersion = 10.0.40219.1
Project("{FAE04EC0-301F-11D3-BF4B-00C04F79EFBC}") = "NHibernate.Bytecode.Interception", "NHibernate.Bytecode.Interception\NHibernate.Bytecode.Interception.csproj", "{91CA5D39-B333-49D6-B332-6D6CF65B18B3}"
EndProject
Project("{2150E333-8FDC-42A3-9474-1A3956D46DE8}") = "Test", "Test", "{AD32C2ED-BF0F-4B5E-B8D5-515D29006EA9}"
EndProject
Project("{FAE04EC0-301F-11D3-BF4B-00C04F79EFBC}") = "TestLeazyLoading", "Test\TestLeazyLoading\TestLeazyLoading.csproj", "{C5FD4347-A402-4225-9401-A0FFF80D038F}"
EndProject
Project("{FAE04EC0-301F-11D3-BF4B-00C04F79EFBC}") = "Model", "Test\Model\Model.csproj", "{1E06CE71-B6F6-4CE4-9236-0395FDD74D39}"
EndProject
Project("{FAE04EC0-301F-11D3-BF4B-00C04F79EFBC}") = "NHibernateSimpleProfiler", "Test\NHibernateSimpleProfiler\NHibernateSimpleProfiler.csproj", "{BA5D2364-E0BC-4BD5-A46D-206349863886}"
EndProject
Global
	GlobalSection(SolutionConfigurationPlatforms) = preSolution
		Debug|Any CPU = Debug|Any CPU
		Release|Any CPU = Release|Any CPU
	EndGlobalSection
	GlobalSection(ProjectConfigurationPlatforms) = postSolution
		{91CA5D39-B333-49D6-B332-6D6CF65B18B3}.Debug|Any CPU.ActiveCfg = Debug|Any CPU
		{91CA5D39-B333-49D6-B332-6D6CF65B18B3}.Debug|Any CPU.Build.0 = Debug|Any CPU
		{91CA5D39-B333-49D6-B332-6D6CF65B18B3}.Release|Any CPU.ActiveCfg = Release|Any CPU
		{91CA5D39-B333-49D6-B332-6D6CF65B18B3}.Release|Any CPU.Build.0 = Release|Any CPU
		{C5FD4347-A402-4225-9401-A0FFF80D038F}.Debug|Any CPU.ActiveCfg = Debug|Any CPU
		{C5FD4347-A402-4225-9401-A0FFF80D038F}.Debug|Any CPU.Build.0 = Debug|Any CPU
		{C5FD4347-A402-4225-9401-A0FFF80D038F}.Release|Any CPU.ActiveCfg = Release|Any CPU
		{C5FD4347-A402-4225-9401-A0FFF80D038F}.Release|Any CPU.Build.0 = Release|Any CPU
		{1E06CE71-B6F6-4CE4-9236-0395FDD74D39}.Debug|Any CPU.ActiveCfg = Debug|Any CPU
		{1E06CE71-B6F6-4CE4-9236-0395FDD74D39}.Debug|Any CPU.Build.0 = Debug|Any CPU
		{1E06CE71-B6F6-4CE4-9236-0395FDD74D39}.Release|Any CPU.ActiveCfg = Release|Any CPU
		{1E06CE71-B6F6-4CE4-9236-0395FDD74D39}.Release|Any CPU.Build.0 = Release|Any CPU
		{BA5D2364-E0BC-4BD5-A46D-206349863886}.Debug|Any CPU.ActiveCfg = Debug|Any CPU
		{BA5D2364-E0BC-4BD5-A46D-206349863886}.Debug|Any CPU.Build.0 = Debug|Any CPU
		{BA5D2364-E0BC-4BD5-A46D-206349863886}.Release|Any CPU.ActiveCfg = Release|Any CPU
		{BA5D2364-E0BC-4BD5-A46D-206349863886}.Release|Any CPU.Build.0 = Release|Any CPU
	EndGlobalSection
	GlobalSection(SolutionProperties) = preSolution
		HideSolutionNode = FALSE
	EndGlobalSection
	GlobalSection(NestedProjects) = preSolution
		{C5FD4347-A402-4225-9401-A0FFF80D038F} = {AD32C2ED-BF0F-4B5E-B8D5-515D29006EA9}
		{1E06CE71-B6F6-4CE4-9236-0395FDD74D39} = {AD32C2ED-BF0F-4B5E-B8D5-515D29006EA9}
		{BA5D2364-E0BC-4BD5-A46D-206349863886} = {AD32C2ED-BF0F-4B5E-B8D5-515D29006EA9}
	EndGlobalSection
EndGlobal
